
Microsoft Visual Studio Solution File, Format Version 12.00
# Visual Studio 15
VisualStudioVersion = 15.0.25807.0
MinimumVisualStudioVersion = 10.0.40219.1
Project("{2150E333-8FDC-42A3-9474-1A3956D46DE8}") = "Engine", "Engine", "{16DF45CB-1ECA-4351-B03B-159622F8160B}"
EndProject
Project("{2150E333-8FDC-42A3-9474-1A3956D46DE8}") = "Games", "Games", "{40D60B22-AA25-4244-AA98-FA3BF9353CC5}"
EndProject
Project("{8BC9CEB8-8B4A-11D0-8D11-00A0C91BC942}") = "UE4", "Intermediate\ProjectFiles\UE4.vcxproj", "{86A79E80-D89F-4C70-ADE6-DDD5F931A8CB}"
EndProject
Project("{8BC9CEB8-8B4A-11D0-8D11-00A0C91BC942}") = "Worthy", "Intermediate\ProjectFiles\Worthy.vcxproj", "{77AEF444-9308-4661-B5D1-BAB2F7A13170}"
EndProject
Project("{2150E333-8FDC-42A3-9474-1A3956D46DE8}") = "Visualizers", "Visualizers", "{C63F8A63-E7F0-4ADA-B131-4FA3BF3874C5}"
	ProjectSection(SolutionItems) = preProject
		..\..\..\..\..\UE_4.23\Engine\Extras\VisualStudioDebugging\UE4.natvis = ..\..\..\..\..\UE_4.23\Engine\Extras\VisualStudioDebugging\UE4.natvis
	EndProjectSection
EndProject
Global
	GlobalSection(SolutionConfigurationPlatforms) = preSolution
		DebugGame Editor|HTML5 = DebugGame Editor|HTML5
		DebugGame Editor|Win32 = DebugGame Editor|Win32
		DebugGame Editor|Win64 = DebugGame Editor|Win64
		DebugGame|HTML5 = DebugGame|HTML5
		DebugGame|Win32 = DebugGame|Win32
		DebugGame|Win64 = DebugGame|Win64
		Development Editor|HTML5 = Development Editor|HTML5
		Development Editor|Win32 = Development Editor|Win32
		Development Editor|Win64 = Development Editor|Win64
		Development|HTML5 = Development|HTML5
		Development|Win32 = Development|Win32
		Development|Win64 = Development|Win64
		Shipping|HTML5 = Shipping|HTML5
		Shipping|Win32 = Shipping|Win32
		Shipping|Win64 = Shipping|Win64
	EndGlobalSection
	GlobalSection(ProjectConfigurationPlatforms) = postSolution
		{86A79E80-D89F-4C70-ADE6-DDD5F931A8CB}.DebugGame Editor|HTML5.ActiveCfg = BuiltWithUnrealBuildTool|Win32
		{86A79E80-D89F-4C70-ADE6-DDD5F931A8CB}.DebugGame Editor|Win32.ActiveCfg = BuiltWithUnrealBuildTool|Win32
		{86A79E80-D89F-4C70-ADE6-DDD5F931A8CB}.DebugGame Editor|Win64.ActiveCfg = BuiltWithUnrealBuildTool|Win32
		{86A79E80-D89F-4C70-ADE6-DDD5F931A8CB}.DebugGame|HTML5.ActiveCfg = BuiltWithUnrealBuildTool|Win32
		{86A79E80-D89F-4C70-ADE6-DDD5F931A8CB}.DebugGame|Win32.ActiveCfg = BuiltWithUnrealBuildTool|Win32
		{86A79E80-D89F-4C70-ADE6-DDD5F931A8CB}.DebugGame|Win64.ActiveCfg = BuiltWithUnrealBuildTool|Win32
		{86A79E80-D89F-4C70-ADE6-DDD5F931A8CB}.Development Editor|HTML5.ActiveCfg = BuiltWithUnrealBuildTool|Win32
		{86A79E80-D89F-4C70-ADE6-DDD5F931A8CB}.Development Editor|Win32.ActiveCfg = BuiltWithUnrealBuildTool|Win32
		{86A79E80-D89F-4C70-ADE6-DDD5F931A8CB}.Development Editor|Win64.ActiveCfg = BuiltWithUnrealBuildTool|Win32
		{86A79E80-D89F-4C70-ADE6-DDD5F931A8CB}.Development|HTML5.ActiveCfg = BuiltWithUnrealBuildTool|Win32
		{86A79E80-D89F-4C70-ADE6-DDD5F931A8CB}.Development|Win32.ActiveCfg = BuiltWithUnrealBuildTool|Win32
		{86A79E80-D89F-4C70-ADE6-DDD5F931A8CB}.Development|Win64.ActiveCfg = BuiltWithUnrealBuildTool|Win32
		{86A79E80-D89F-4C70-ADE6-DDD5F931A8CB}.Shipping|HTML5.ActiveCfg = BuiltWithUnrealBuildTool|Win32
		{86A79E80-D89F-4C70-ADE6-DDD5F931A8CB}.Shipping|Win32.ActiveCfg = BuiltWithUnrealBuildTool|Win32
		{86A79E80-D89F-4C70-ADE6-DDD5F931A8CB}.Shipping|Win64.ActiveCfg = BuiltWithUnrealBuildTool|Win32
		{77AEF444-9308-4661-B5D1-BAB2F7A13170}.DebugGame Editor|HTML5.ActiveCfg = Invalid|Win32
		{77AEF444-9308-4661-B5D1-BAB2F7A13170}.DebugGame Editor|Win32.ActiveCfg = Invalid|Win32
		{77AEF444-9308-4661-B5D1-BAB2F7A13170}.DebugGame Editor|Win64.ActiveCfg = DebugGame_Editor|x64
		{77AEF444-9308-4661-B5D1-BAB2F7A13170}.DebugGame Editor|Win64.Build.0 = DebugGame_Editor|x64
		{77AEF444-9308-4661-B5D1-BAB2F7A13170}.DebugGame|HTML5.ActiveCfg = HTML5_DebugGame|Win32
		{77AEF444-9308-4661-B5D1-BAB2F7A13170}.DebugGame|HTML5.Build.0 = HTML5_DebugGame|Win32
		{77AEF444-9308-4661-B5D1-BAB2F7A13170}.DebugGame|Win32.ActiveCfg = DebugGame|Win32
		{77AEF444-9308-4661-B5D1-BAB2F7A13170}.DebugGame|Win32.Build.0 = DebugGame|Win32
		{77AEF444-9308-4661-B5D1-BAB2F7A13170}.DebugGame|Win64.ActiveCfg = DebugGame|x64
		{77AEF444-9308-4661-B5D1-BAB2F7A13170}.DebugGame|Win64.Build.0 = DebugGame|x64
		{77AEF444-9308-4661-B5D1-BAB2F7A13170}.Development Editor|HTML5.ActiveCfg = Invalid|Win32
		{77AEF444-9308-4661-B5D1-BAB2F7A13170}.Development Editor|Win32.ActiveCfg = Invalid|Win32
		{77AEF444-9308-4661-B5D1-BAB2F7A13170}.Development Editor|Win64.ActiveCfg = Development_Editor|x64
		{77AEF444-9308-4661-B5D1-BAB2F7A13170}.Development Editor|Win64.Build.0 = Development_Editor|x64
		{77AEF444-9308-4661-B5D1-BAB2F7A13170}.Development|HTML5.ActiveCfg = HTML5_Development|Win32
		{77AEF444-9308-4661-B5D1-BAB2F7A13170}.Development|HTML5.Build.0 = HTML5_Development|Win32
		{77AEF444-9308-4661-B5D1-BAB2F7A13170}.Development|Win32.ActiveCfg = Development|Win32
		{77AEF444-9308-4661-B5D1-BAB2F7A13170}.Development|Win32.Build.0 = Development|Win32
		{77AEF444-9308-4661-B5D1-BAB2F7A13170}.Development|Win64.ActiveCfg = Development|x64
		{77AEF444-9308-4661-B5D1-BAB2F7A13170}.Development|Win64.Build.0 = Development|x64
		{77AEF444-9308-4661-B5D1-BAB2F7A13170}.Shipping|HTML5.ActiveCfg = HTML5_Shipping|Win32
		{77AEF444-9308-4661-B5D1-BAB2F7A13170}.Shipping|HTML5.Build.0 = HTML5_Shipping|Win32
		{77AEF444-9308-4661-B5D1-BAB2F7A13170}.Shipping|Win32.ActiveCfg = Shipping|Win32
		{77AEF444-9308-4661-B5D1-BAB2F7A13170}.Shipping|Win32.Build.0 = Shipping|Win32
		{77AEF444-9308-4661-B5D1-BAB2F7A13170}.Shipping|Win64.ActiveCfg = Shipping|x64
		{77AEF444-9308-4661-B5D1-BAB2F7A13170}.Shipping|Win64.Build.0 = Shipping|x64
	EndGlobalSection
	GlobalSection(SolutionProperties) = preSolution
		HideSolutionNode = FALSE
	EndGlobalSection
	GlobalSection(NestedProjects) = preSolution
		{86A79E80-D89F-4C70-ADE6-DDD5F931A8CB} = {16DF45CB-1ECA-4351-B03B-159622F8160B}
		{77AEF444-9308-4661-B5D1-BAB2F7A13170} = {40D60B22-AA25-4244-AA98-FA3BF9353CC5}
	EndGlobalSection
EndGlobal
